// !$*UTF8*$!
{
	archiveVersion = 1;
	classes = {
	};
	objectVersion = 56;
	objects = {

/* Begin PBXBuildFile section */
		4A6D43AB2B750D83009D8DB9 /* CoreAssembly.swift in Sources */ = {isa = PBXBuildFile; fileRef = 4A6D43AA2B750D83009D8DB9 /* CoreAssembly.swift */; };
		4A79D4D72B736199006ECE04 /* AppDelegate.swift in Sources */ = {isa = PBXBuildFile; fileRef = 4A79D4D62B736199006ECE04 /* AppDelegate.swift */; };
		4A79D4E02B73619B006ECE04 /* Assets.xcassets in Resources */ = {isa = PBXBuildFile; fileRef = 4A79D4DF2B73619B006ECE04 /* Assets.xcassets */; };
		4A79D4E32B73619B006ECE04 /* LaunchScreen.storyboard in Resources */ = {isa = PBXBuildFile; fileRef = 4A79D4E12B73619B006ECE04 /* LaunchScreen.storyboard */; };
		4AEFDF342B737A0900A3C80F /* HomeViewController.swift in Sources */ = {isa = PBXBuildFile; fileRef = 4AEFDF322B737A0900A3C80F /* HomeViewController.swift */; };
		4AEFDF352B737A0900A3C80F /* HomeViewController.xib in Resources */ = {isa = PBXBuildFile; fileRef = 4AEFDF332B737A0900A3C80F /* HomeViewController.xib */; };
		4AEFDF372B737A1C00A3C80F /* HomeViewModel.swift in Sources */ = {isa = PBXBuildFile; fileRef = 4AEFDF362B737A1C00A3C80F /* HomeViewModel.swift */; };
		4AEFDF392B737AD600A3C80F /* CustomUIView.swift in Sources */ = {isa = PBXBuildFile; fileRef = 4AEFDF382B737AD600A3C80F /* CustomUIView.swift */; };
		4AEFDF3B2B737BA000A3C80F /* FitterCollectionView.swift in Sources */ = {isa = PBXBuildFile; fileRef = 4AEFDF3A2B737BA000A3C80F /* FitterCollectionView.swift */; };
		4AEFDF422B737C0000A3C80F /* Chips.xib in Resources */ = {isa = PBXBuildFile; fileRef = 4AEFDF412B737C0000A3C80F /* Chips.xib */; };
		4AEFDF442B737C1400A3C80F /* Chips.swift in Sources */ = {isa = PBXBuildFile; fileRef = 4AEFDF432B737C1400A3C80F /* Chips.swift */; };
		4AEFDF472B737C3400A3C80F /* ChipsCell.swift in Sources */ = {isa = PBXBuildFile; fileRef = 4AEFDF452B737C3400A3C80F /* ChipsCell.swift */; };
		4AEFDF482B737C3400A3C80F /* ChipsCell.xib in Resources */ = {isa = PBXBuildFile; fileRef = 4AEFDF462B737C3400A3C80F /* ChipsCell.xib */; };
		4AEFDF4A2B737CD300A3C80F /* ChipItem.swift in Sources */ = {isa = PBXBuildFile; fileRef = 4AEFDF492B737CD300A3C80F /* ChipItem.swift */; };
		4AEFDF4D2B737D9E00A3C80F /* HomeAssembly.swift in Sources */ = {isa = PBXBuildFile; fileRef = 4AEFDF4C2B737D9E00A3C80F /* HomeAssembly.swift */; };
		4AEFDF4F2B737DBA00A3C80F /* HomeInteractor.swift in Sources */ = {isa = PBXBuildFile; fileRef = 4AEFDF4E2B737DBA00A3C80F /* HomeInteractor.swift */; };
		4AEFDF512B73861700A3C80F /* Router.swift in Sources */ = {isa = PBXBuildFile; fileRef = 4AEFDF502B73861700A3C80F /* Router.swift */; };
		4AEFDF552B73865D00A3C80F /* DetailViewController.swift in Sources */ = {isa = PBXBuildFile; fileRef = 4AEFDF532B73865D00A3C80F /* DetailViewController.swift */; };
		4AEFDF562B73865D00A3C80F /* DetailViewController.xib in Resources */ = {isa = PBXBuildFile; fileRef = 4AEFDF542B73865D00A3C80F /* DetailViewController.xib */; };
		4AEFDF5B2B738F8500A3C80F /* AutoShimmerView.swift in Sources */ = {isa = PBXBuildFile; fileRef = 4AEFDF5A2B738F8500A3C80F /* AutoShimmerView.swift */; };
		4AEFDF5E2B73903500A3C80F /* WordingEnum.swift in Sources */ = {isa = PBXBuildFile; fileRef = 4AEFDF5D2B73903500A3C80F /* WordingEnum.swift */; };
		4AEFDF622B73B80000A3C80F /* LoanCell.swift in Sources */ = {isa = PBXBuildFile; fileRef = 4AEFDF602B73B80000A3C80F /* LoanCell.swift */; };
		4AEFDF632B73B80000A3C80F /* LoanCell.xib in Resources */ = {isa = PBXBuildFile; fileRef = 4AEFDF612B73B80000A3C80F /* LoanCell.xib */; };
		4AEFDF6B2B73CEE400A3C80F /* Extension+Int.swift in Sources */ = {isa = PBXBuildFile; fileRef = 4AEFDF6A2B73CEE400A3C80F /* Extension+Int.swift */; };
		4AEFDF6D2B73CF2600A3C80F /* IntTypeEnum.swift in Sources */ = {isa = PBXBuildFile; fileRef = 4AEFDF6C2B73CF2600A3C80F /* IntTypeEnum.swift */; };
		4AEFDF732B73CF8400A3C80F /* Number.swift in Sources */ = {isa = PBXBuildFile; fileRef = 4AEFDF722B73CF8400A3C80F /* Number.swift */; };
		4AEFDF772B73D00300A3C80F /* Extension+Double.swift in Sources */ = {isa = PBXBuildFile; fileRef = 4AEFDF762B73D00300A3C80F /* Extension+Double.swift */; };
		4AEFDF792B73D0A700A3C80F /* DateTime.swift in Sources */ = {isa = PBXBuildFile; fileRef = 4AEFDF782B73D0A700A3C80F /* DateTime.swift */; };
		4AEFDF7B2B740C8B00A3C80F /* DetailAssembly.swift in Sources */ = {isa = PBXBuildFile; fileRef = 4AEFDF7A2B740C8B00A3C80F /* DetailAssembly.swift */; };
		4AF1642B2B736EBF005C1B7A /* BaseViewController.swift in Sources */ = {isa = PBXBuildFile; fileRef = 4AF164272B736EBE005C1B7A /* BaseViewController.swift */; };
		4AF1642C2B736EBF005C1B7A /* BaseViewModel.swift in Sources */ = {isa = PBXBuildFile; fileRef = 4AF164282B736EBE005C1B7A /* BaseViewModel.swift */; };
		4AF1642D2B736EBF005C1B7A /* BaseService.swift in Sources */ = {isa = PBXBuildFile; fileRef = 4AF164292B736EBE005C1B7A /* BaseService.swift */; };
		4AF164302B736F49005C1B7A /* LoadingView.swift in Sources */ = {isa = PBXBuildFile; fileRef = 4AF1642F2B736F49005C1B7A /* LoadingView.swift */; };
		4AF164322B736F52005C1B7A /* LoadingView.xib in Resources */ = {isa = PBXBuildFile; fileRef = 4AF164312B736F52005C1B7A /* LoadingView.xib */; };
		4AF164342B736FD1005C1B7A /* ColorEnum.swift in Sources */ = {isa = PBXBuildFile; fileRef = 4AF164332B736FD1005C1B7A /* ColorEnum.swift */; };
		4AF164362B737007005C1B7A /* FontEnum.swift in Sources */ = {isa = PBXBuildFile; fileRef = 4AF164352B737007005C1B7A /* FontEnum.swift */; };
		4AF164382B737035005C1B7A /* APIEndpointEnum.swift in Sources */ = {isa = PBXBuildFile; fileRef = 4AF164372B737035005C1B7A /* APIEndpointEnum.swift */; };
		4AF1643E2B737068005C1B7A /* Inter-Bold.otf in Resources */ = {isa = PBXBuildFile; fileRef = 4AF1643A2B737068005C1B7A /* Inter-Bold.otf */; };
		4AF1643F2B737068005C1B7A /* Inter-Regular.otf in Resources */ = {isa = PBXBuildFile; fileRef = 4AF1643B2B737068005C1B7A /* Inter-Regular.otf */; };
		4AF164402B737068005C1B7A /* Inter-Medium.otf in Resources */ = {isa = PBXBuildFile; fileRef = 4AF1643C2B737068005C1B7A /* Inter-Medium.otf */; };
		4AF164412B737068005C1B7A /* Inter-SemiBold.otf in Resources */ = {isa = PBXBuildFile; fileRef = 4AF1643D2B737068005C1B7A /* Inter-SemiBold.otf */; };
		4AF164432B737106005C1B7A /* DI.swift in Sources */ = {isa = PBXBuildFile; fileRef = 4AF164422B737106005C1B7A /* DI.swift */; };
		4AF164452B737122005C1B7A /* LoanRepository.swift in Sources */ = {isa = PBXBuildFile; fileRef = 4AF164442B737122005C1B7A /* LoanRepository.swift */; };
		4AF164472B73712E005C1B7A /* LoanService.swift in Sources */ = {isa = PBXBuildFile; fileRef = 4AF164462B73712E005C1B7A /* LoanService.swift */; };
		4AF1644A2B73716D005C1B7A /* Logger.swift in Sources */ = {isa = PBXBuildFile; fileRef = 4AF164492B73716D005C1B7A /* Logger.swift */; };
		4AF1644C2B737193005C1B7A /* HexCodeColor.swift in Sources */ = {isa = PBXBuildFile; fileRef = 4AF1644B2B737193005C1B7A /* HexCodeColor.swift */; };
		4AF1644E2B7371AA005C1B7A /* BuildIdentifier.swift in Sources */ = {isa = PBXBuildFile; fileRef = 4AF1644D2B7371AA005C1B7A /* BuildIdentifier.swift */; };
		4AF164512B7371D0005C1B7A /* Navigator.swift in Sources */ = {isa = PBXBuildFile; fileRef = 4AF164502B7371D0005C1B7A /* Navigator.swift */; };
		4AF164532B7371EC005C1B7A /* RouterProtocol.swift in Sources */ = {isa = PBXBuildFile; fileRef = 4AF164522B7371EC005C1B7A /* RouterProtocol.swift */; };
		4AF164552B7371FE005C1B7A /* Route.swift in Sources */ = {isa = PBXBuildFile; fileRef = 4AF164542B7371FE005C1B7A /* Route.swift */; };
		4AF164572B737224005C1B7A /* Loan.swift in Sources */ = {isa = PBXBuildFile; fileRef = 4AF164562B737224005C1B7A /* Loan.swift */; };
		4AF1645A2B737247005C1B7A /* LoanData.swift in Sources */ = {isa = PBXBuildFile; fileRef = 4AF164592B737247005C1B7A /* LoanData.swift */; };
		DE49F7B9F1657A3689F9E20D /* Pods_loan_management_app.framework in Frameworks */ = {isa = PBXBuildFile; fileRef = 0F82E18DDA4DBAADD264BC27 /* Pods_loan_management_app.framework */; };
/* End PBXBuildFile section */

/* Begin PBXFileReference section */
		0F82E18DDA4DBAADD264BC27 /* Pods_loan_management_app.framework */ = {isa = PBXFileReference; explicitFileType = wrapper.framework; includeInIndex = 0; path = Pods_loan_management_app.framework; sourceTree = BUILT_PRODUCTS_DIR; };
		1FD329568B63D5877CF5CC16 /* Pods-loan-management-app.release.xcconfig */ = {isa = PBXFileReference; includeInIndex = 1; lastKnownFileType = text.xcconfig; name = "Pods-loan-management-app.release.xcconfig"; path = "Target Support Files/Pods-loan-management-app/Pods-loan-management-app.release.xcconfig"; sourceTree = "<group>"; };
		4A6D43AA2B750D83009D8DB9 /* CoreAssembly.swift */ = {isa = PBXFileReference; fileEncoding = 4; lastKnownFileType = sourcecode.swift; path = CoreAssembly.swift; sourceTree = "<group>"; };
		4A79D4D32B736199006ECE04 /* loan-management-app.app */ = {isa = PBXFileReference; explicitFileType = wrapper.application; includeInIndex = 0; path = "loan-management-app.app"; sourceTree = BUILT_PRODUCTS_DIR; };
		4A79D4D62B736199006ECE04 /* AppDelegate.swift */ = {isa = PBXFileReference; lastKnownFileType = sourcecode.swift; path = AppDelegate.swift; sourceTree = "<group>"; };
		4A79D4DF2B73619B006ECE04 /* Assets.xcassets */ = {isa = PBXFileReference; lastKnownFileType = folder.assetcatalog; path = Assets.xcassets; sourceTree = "<group>"; };
		4A79D4E22B73619B006ECE04 /* Base */ = {isa = PBXFileReference; lastKnownFileType = file.storyboard; name = Base; path = Base.lproj/LaunchScreen.storyboard; sourceTree = "<group>"; };
		4A79D4E42B73619B006ECE04 /* Info.plist */ = {isa = PBXFileReference; lastKnownFileType = text.plist.xml; path = Info.plist; sourceTree = "<group>"; };
		4AEFDF322B737A0900A3C80F /* HomeViewController.swift */ = {isa = PBXFileReference; lastKnownFileType = sourcecode.swift; path = HomeViewController.swift; sourceTree = "<group>"; };
		4AEFDF332B737A0900A3C80F /* HomeViewController.xib */ = {isa = PBXFileReference; lastKnownFileType = file.xib; path = HomeViewController.xib; sourceTree = "<group>"; };
		4AEFDF362B737A1C00A3C80F /* HomeViewModel.swift */ = {isa = PBXFileReference; lastKnownFileType = sourcecode.swift; path = HomeViewModel.swift; sourceTree = "<group>"; };
		4AEFDF382B737AD600A3C80F /* CustomUIView.swift */ = {isa = PBXFileReference; lastKnownFileType = sourcecode.swift; path = CustomUIView.swift; sourceTree = "<group>"; };
		4AEFDF3A2B737BA000A3C80F /* FitterCollectionView.swift */ = {isa = PBXFileReference; lastKnownFileType = sourcecode.swift; path = FitterCollectionView.swift; sourceTree = "<group>"; };
		4AEFDF412B737C0000A3C80F /* Chips.xib */ = {isa = PBXFileReference; lastKnownFileType = file.xib; path = Chips.xib; sourceTree = "<group>"; };
		4AEFDF432B737C1400A3C80F /* Chips.swift */ = {isa = PBXFileReference; lastKnownFileType = sourcecode.swift; path = Chips.swift; sourceTree = "<group>"; };
		4AEFDF452B737C3400A3C80F /* ChipsCell.swift */ = {isa = PBXFileReference; lastKnownFileType = sourcecode.swift; path = ChipsCell.swift; sourceTree = "<group>"; };
		4AEFDF462B737C3400A3C80F /* ChipsCell.xib */ = {isa = PBXFileReference; lastKnownFileType = file.xib; path = ChipsCell.xib; sourceTree = "<group>"; };
		4AEFDF492B737CD300A3C80F /* ChipItem.swift */ = {isa = PBXFileReference; lastKnownFileType = sourcecode.swift; path = ChipItem.swift; sourceTree = "<group>"; };
		4AEFDF4C2B737D9E00A3C80F /* HomeAssembly.swift */ = {isa = PBXFileReference; lastKnownFileType = sourcecode.swift; path = HomeAssembly.swift; sourceTree = "<group>"; };
		4AEFDF4E2B737DBA00A3C80F /* HomeInteractor.swift */ = {isa = PBXFileReference; lastKnownFileType = sourcecode.swift; path = HomeInteractor.swift; sourceTree = "<group>"; };
		4AEFDF502B73861700A3C80F /* Router.swift */ = {isa = PBXFileReference; lastKnownFileType = sourcecode.swift; path = Router.swift; sourceTree = "<group>"; };
		4AEFDF532B73865D00A3C80F /* DetailViewController.swift */ = {isa = PBXFileReference; lastKnownFileType = sourcecode.swift; path = DetailViewController.swift; sourceTree = "<group>"; };
		4AEFDF542B73865D00A3C80F /* DetailViewController.xib */ = {isa = PBXFileReference; lastKnownFileType = file.xib; path = DetailViewController.xib; sourceTree = "<group>"; };
		4AEFDF5A2B738F8500A3C80F /* AutoShimmerView.swift */ = {isa = PBXFileReference; lastKnownFileType = sourcecode.swift; path = AutoShimmerView.swift; sourceTree = "<group>"; };
		4AEFDF5D2B73903500A3C80F /* WordingEnum.swift */ = {isa = PBXFileReference; lastKnownFileType = sourcecode.swift; path = WordingEnum.swift; sourceTree = "<group>"; };
		4AEFDF602B73B80000A3C80F /* LoanCell.swift */ = {isa = PBXFileReference; lastKnownFileType = sourcecode.swift; path = LoanCell.swift; sourceTree = "<group>"; };
		4AEFDF612B73B80000A3C80F /* LoanCell.xib */ = {isa = PBXFileReference; lastKnownFileType = file.xib; path = LoanCell.xib; sourceTree = "<group>"; };
		4AEFDF6A2B73CEE400A3C80F /* Extension+Int.swift */ = {isa = PBXFileReference; lastKnownFileType = sourcecode.swift; path = "Extension+Int.swift"; sourceTree = "<group>"; };
		4AEFDF6C2B73CF2600A3C80F /* IntTypeEnum.swift */ = {isa = PBXFileReference; lastKnownFileType = sourcecode.swift; path = IntTypeEnum.swift; sourceTree = "<group>"; };
		4AEFDF722B73CF8400A3C80F /* Number.swift */ = {isa = PBXFileReference; lastKnownFileType = sourcecode.swift; path = Number.swift; sourceTree = "<group>"; };
		4AEFDF762B73D00300A3C80F /* Extension+Double.swift */ = {isa = PBXFileReference; lastKnownFileType = sourcecode.swift; path = "Extension+Double.swift"; sourceTree = "<group>"; };
		4AEFDF782B73D0A700A3C80F /* DateTime.swift */ = {isa = PBXFileReference; lastKnownFileType = sourcecode.swift; path = DateTime.swift; sourceTree = "<group>"; };
		4AEFDF7A2B740C8B00A3C80F /* DetailAssembly.swift */ = {isa = PBXFileReference; lastKnownFileType = sourcecode.swift; path = DetailAssembly.swift; sourceTree = "<group>"; };
		4AF164272B736EBE005C1B7A /* BaseViewController.swift */ = {isa = PBXFileReference; fileEncoding = 4; lastKnownFileType = sourcecode.swift; path = BaseViewController.swift; sourceTree = "<group>"; };
		4AF164282B736EBE005C1B7A /* BaseViewModel.swift */ = {isa = PBXFileReference; fileEncoding = 4; lastKnownFileType = sourcecode.swift; path = BaseViewModel.swift; sourceTree = "<group>"; };
		4AF164292B736EBE005C1B7A /* BaseService.swift */ = {isa = PBXFileReference; fileEncoding = 4; lastKnownFileType = sourcecode.swift; path = BaseService.swift; sourceTree = "<group>"; };
		4AF1642F2B736F49005C1B7A /* LoadingView.swift */ = {isa = PBXFileReference; lastKnownFileType = sourcecode.swift; path = LoadingView.swift; sourceTree = "<group>"; };
		4AF164312B736F52005C1B7A /* LoadingView.xib */ = {isa = PBXFileReference; lastKnownFileType = file.xib; path = LoadingView.xib; sourceTree = "<group>"; };
		4AF164332B736FD1005C1B7A /* ColorEnum.swift */ = {isa = PBXFileReference; lastKnownFileType = sourcecode.swift; path = ColorEnum.swift; sourceTree = "<group>"; };
		4AF164352B737007005C1B7A /* FontEnum.swift */ = {isa = PBXFileReference; lastKnownFileType = sourcecode.swift; path = FontEnum.swift; sourceTree = "<group>"; };
		4AF164372B737035005C1B7A /* APIEndpointEnum.swift */ = {isa = PBXFileReference; lastKnownFileType = sourcecode.swift; path = APIEndpointEnum.swift; sourceTree = "<group>"; };
		4AF1643A2B737068005C1B7A /* Inter-Bold.otf */ = {isa = PBXFileReference; lastKnownFileType = file; path = "Inter-Bold.otf"; sourceTree = "<group>"; };
		4AF1643B2B737068005C1B7A /* Inter-Regular.otf */ = {isa = PBXFileReference; lastKnownFileType = file; path = "Inter-Regular.otf"; sourceTree = "<group>"; };
		4AF1643C2B737068005C1B7A /* Inter-Medium.otf */ = {isa = PBXFileReference; lastKnownFileType = file; path = "Inter-Medium.otf"; sourceTree = "<group>"; };
		4AF1643D2B737068005C1B7A /* Inter-SemiBold.otf */ = {isa = PBXFileReference; lastKnownFileType = file; path = "Inter-SemiBold.otf"; sourceTree = "<group>"; };
		4AF164422B737106005C1B7A /* DI.swift */ = {isa = PBXFileReference; lastKnownFileType = sourcecode.swift; path = DI.swift; sourceTree = "<group>"; };
		4AF164442B737122005C1B7A /* LoanRepository.swift */ = {isa = PBXFileReference; lastKnownFileType = sourcecode.swift; path = LoanRepository.swift; sourceTree = "<group>"; };
		4AF164462B73712E005C1B7A /* LoanService.swift */ = {isa = PBXFileReference; lastKnownFileType = sourcecode.swift; path = LoanService.swift; sourceTree = "<group>"; };
		4AF164492B73716D005C1B7A /* Logger.swift */ = {isa = PBXFileReference; lastKnownFileType = sourcecode.swift; path = Logger.swift; sourceTree = "<group>"; };
		4AF1644B2B737193005C1B7A /* HexCodeColor.swift */ = {isa = PBXFileReference; lastKnownFileType = sourcecode.swift; path = HexCodeColor.swift; sourceTree = "<group>"; };
		4AF1644D2B7371AA005C1B7A /* BuildIdentifier.swift */ = {isa = PBXFileReference; lastKnownFileType = sourcecode.swift; path = BuildIdentifier.swift; sourceTree = "<group>"; };
		4AF164502B7371D0005C1B7A /* Navigator.swift */ = {isa = PBXFileReference; lastKnownFileType = sourcecode.swift; path = Navigator.swift; sourceTree = "<group>"; };
		4AF164522B7371EC005C1B7A /* RouterProtocol.swift */ = {isa = PBXFileReference; lastKnownFileType = sourcecode.swift; path = RouterProtocol.swift; sourceTree = "<group>"; };
		4AF164542B7371FE005C1B7A /* Route.swift */ = {isa = PBXFileReference; lastKnownFileType = sourcecode.swift; path = Route.swift; sourceTree = "<group>"; };
		4AF164562B737224005C1B7A /* Loan.swift */ = {isa = PBXFileReference; lastKnownFileType = sourcecode.swift; path = Loan.swift; sourceTree = "<group>"; };
		4AF164592B737247005C1B7A /* LoanData.swift */ = {isa = PBXFileReference; lastKnownFileType = sourcecode.swift; path = LoanData.swift; sourceTree = "<group>"; };
		FDAD649B9569F2D9BA93A129 /* Pods-loan-management-app.debug.xcconfig */ = {isa = PBXFileReference; includeInIndex = 1; lastKnownFileType = text.xcconfig; name = "Pods-loan-management-app.debug.xcconfig"; path = "Target Support Files/Pods-loan-management-app/Pods-loan-management-app.debug.xcconfig"; sourceTree = "<group>"; };
/* End PBXFileReference section */

/* Begin PBXFrameworksBuildPhase section */
		4A79D4D02B736199006ECE04 /* Frameworks */ = {
			isa = PBXFrameworksBuildPhase;
			buildActionMask = 2147483647;
			files = (
				DE49F7B9F1657A3689F9E20D /* Pods_loan_management_app.framework in Frameworks */,
			);
			runOnlyForDeploymentPostprocessing = 0;
		};
/* End PBXFrameworksBuildPhase section */

/* Begin PBXGroup section */
		2F3391E7B7C6C7BB486CC5F7 /* Pods */ = {
			isa = PBXGroup;
			children = (
				FDAD649B9569F2D9BA93A129 /* Pods-loan-management-app.debug.xcconfig */,
				1FD329568B63D5877CF5CC16 /* Pods-loan-management-app.release.xcconfig */,
			);
			path = Pods;
			sourceTree = "<group>";
		};
		4A79D4CA2B736199006ECE04 = {
			isa = PBXGroup;
			children = (
				4A79D4D52B736199006ECE04 /* loan-management-app */,
				4A79D4D42B736199006ECE04 /* Products */,
				2F3391E7B7C6C7BB486CC5F7 /* Pods */,
				85934288143090812FBFED5A /* Frameworks */,
			);
			sourceTree = "<group>";
		};
		4A79D4D42B736199006ECE04 /* Products */ = {
			isa = PBXGroup;
			children = (
				4A79D4D32B736199006ECE04 /* loan-management-app.app */,
			);
			name = Products;
			sourceTree = "<group>";
		};
		4A79D4D52B736199006ECE04 /* loan-management-app */ = {
			isa = PBXGroup;
			children = (
				4AF1641D2B736EBE005C1B7A /* Cores */,
				4AF1641C2B736EBE005C1B7A /* Commons */,
				4AF1642A2B736EBE005C1B7A /* Modules */,
				4AF1641B2B736EBE005C1B7A /* Resources */,
				4A79D4D62B736199006ECE04 /* AppDelegate.swift */,
				4A79D4DF2B73619B006ECE04 /* Assets.xcassets */,
				4A79D4E12B73619B006ECE04 /* LaunchScreen.storyboard */,
				4A79D4E42B73619B006ECE04 /* Info.plist */,
			);
			path = "loan-management-app";
			sourceTree = "<group>";
		};
		4AEFDF2F2B7379D900A3C80F /* Home */ = {
			isa = PBXGroup;
			children = (
				4AEFDF302B7379E500A3C80F /* Views */,
				4AEFDF312B7379EB00A3C80F /* ViewModels */,
			);
			path = Home;
			sourceTree = "<group>";
		};
		4AEFDF302B7379E500A3C80F /* Views */ = {
			isa = PBXGroup;
			children = (
				4AEFDF5F2B73B7B600A3C80F /* Cell */,
				4AEFDF5C2B738FEA00A3C80F /* Shimmer */,
				4AEFDF322B737A0900A3C80F /* HomeViewController.swift */,
				4AEFDF332B737A0900A3C80F /* HomeViewController.xib */,
			);
			path = Views;
			sourceTree = "<group>";
		};
		4AEFDF312B7379EB00A3C80F /* ViewModels */ = {
			isa = PBXGroup;
			children = (
				4AEFDF362B737A1C00A3C80F /* HomeViewModel.swift */,
			);
			path = ViewModels;
			sourceTree = "<group>";
		};
		4AEFDF3C2B737BB000A3C80F /* Chips */ = {
			isa = PBXGroup;
			children = (
				4AEFDF3D2B737BCD00A3C80F /* Cell */,
				4AEFDF432B737C1400A3C80F /* Chips.swift */,
				4AEFDF412B737C0000A3C80F /* Chips.xib */,
			);
			path = Chips;
			sourceTree = "<group>";
		};
		4AEFDF3D2B737BCD00A3C80F /* Cell */ = {
			isa = PBXGroup;
			children = (
				4AEFDF452B737C3400A3C80F /* ChipsCell.swift */,
				4AEFDF462B737C3400A3C80F /* ChipsCell.xib */,
			);
			path = Cell;
			sourceTree = "<group>";
		};
		4AEFDF4B2B737D9000A3C80F /* Assembly */ = {
			isa = PBXGroup;
			children = (
				4AEFDF4C2B737D9E00A3C80F /* HomeAssembly.swift */,
				4AEFDF7A2B740C8B00A3C80F /* DetailAssembly.swift */,
				4A6D43AA2B750D83009D8DB9 /* CoreAssembly.swift */,
			);
			path = Assembly;
			sourceTree = "<group>";
		};
		4AEFDF522B73864B00A3C80F /* Detail */ = {
			isa = PBXGroup;
			children = (
				4AEFDF572B73866500A3C80F /* Views */,
			);
			path = Detail;
			sourceTree = "<group>";
		};
		4AEFDF572B73866500A3C80F /* Views */ = {
			isa = PBXGroup;
			children = (
				4AEFDF532B73865D00A3C80F /* DetailViewController.swift */,
				4AEFDF542B73865D00A3C80F /* DetailViewController.xib */,
			);
			path = Views;
			sourceTree = "<group>";
		};
		4AEFDF5C2B738FEA00A3C80F /* Shimmer */ = {
			isa = PBXGroup;
			children = (
			);
			path = Shimmer;
			sourceTree = "<group>";
		};
		4AEFDF5F2B73B7B600A3C80F /* Cell */ = {
			isa = PBXGroup;
			children = (
				4AEFDF602B73B80000A3C80F /* LoanCell.swift */,
				4AEFDF612B73B80000A3C80F /* LoanCell.xib */,
			);
			path = Cell;
			sourceTree = "<group>";
		};
		4AEFDF692B73CED400A3C80F /* Extensions */ = {
			isa = PBXGroup;
			children = (
				4AEFDF6A2B73CEE400A3C80F /* Extension+Int.swift */,
				4AEFDF762B73D00300A3C80F /* Extension+Double.swift */,
			);
			path = Extensions;
			sourceTree = "<group>";
		};
		4AEFDF712B73CF7B00A3C80F /* Formatting */ = {
			isa = PBXGroup;
			children = (
				4AEFDF722B73CF8400A3C80F /* Number.swift */,
				4AEFDF782B73D0A700A3C80F /* DateTime.swift */,
			);
			path = Formatting;
			sourceTree = "<group>";
		};
		4AF1641B2B736EBE005C1B7A /* Resources */ = {
			isa = PBXGroup;
			children = (
				4AF164392B737068005C1B7A /* Fonts */,
			);
			path = Resources;
			sourceTree = "<group>";
		};
		4AF1641C2B736EBE005C1B7A /* Commons */ = {
			isa = PBXGroup;
			children = (
				4AEFDF3C2B737BB000A3C80F /* Chips */,
				4AF1642E2B736F36005C1B7A /* Loading */,
				4AEFDF382B737AD600A3C80F /* CustomUIView.swift */,
				4AEFDF3A2B737BA000A3C80F /* FitterCollectionView.swift */,
				4AEFDF5A2B738F8500A3C80F /* AutoShimmerView.swift */,
			);
			path = Commons;
			sourceTree = "<group>";
		};
		4AF1641D2B736EBE005C1B7A /* Cores */ = {
			isa = PBXGroup;
			children = (
				4AF164262B736EBE005C1B7A /* Base */,
				4AF1641E2B736EBE005C1B7A /* DI */,
				4AF1641F2B736EBE005C1B7A /* Enum */,
				4AF164202B736EBE005C1B7A /* Data */,
				4AF164232B736EBE005C1B7A /* Domain */,
				4AF164482B737161005C1B7A /* Utils */,
			);
			path = Cores;
			sourceTree = "<group>";
		};
		4AF1641E2B736EBE005C1B7A /* DI */ = {
			isa = PBXGroup;
			children = (
				4AEFDF4B2B737D9000A3C80F /* Assembly */,
				4AF164422B737106005C1B7A /* DI.swift */,
			);
			path = DI;
			sourceTree = "<group>";
		};
		4AF1641F2B736EBE005C1B7A /* Enum */ = {
			isa = PBXGroup;
			children = (
				4AF164332B736FD1005C1B7A /* ColorEnum.swift */,
				4AF164352B737007005C1B7A /* FontEnum.swift */,
				4AF164372B737035005C1B7A /* APIEndpointEnum.swift */,
				4AEFDF5D2B73903500A3C80F /* WordingEnum.swift */,
				4AEFDF6C2B73CF2600A3C80F /* IntTypeEnum.swift */,
			);
			path = Enum;
			sourceTree = "<group>";
		};
		4AF164202B736EBE005C1B7A /* Data */ = {
			isa = PBXGroup;
			children = (
				4AF164212B736EBE005C1B7A /* Repositories */,
				4AF164222B736EBE005C1B7A /* Services */,
			);
			path = Data;
			sourceTree = "<group>";
		};
		4AF164212B736EBE005C1B7A /* Repositories */ = {
			isa = PBXGroup;
			children = (
				4AF164442B737122005C1B7A /* LoanRepository.swift */,
			);
			path = Repositories;
			sourceTree = "<group>";
		};
		4AF164222B736EBE005C1B7A /* Services */ = {
			isa = PBXGroup;
			children = (
				4AF164582B73723C005C1B7A /* Response */,
				4AF164462B73712E005C1B7A /* LoanService.swift */,
			);
			path = Services;
			sourceTree = "<group>";
		};
		4AF164232B736EBE005C1B7A /* Domain */ = {
			isa = PBXGroup;
			children = (
				4AF164242B736EBE005C1B7A /* UseCase */,
				4AF164252B736EBE005C1B7A /* Entities */,
			);
			path = Domain;
			sourceTree = "<group>";
		};
		4AF164242B736EBE005C1B7A /* UseCase */ = {
			isa = PBXGroup;
			children = (
				4AEFDF4E2B737DBA00A3C80F /* HomeInteractor.swift */,
			);
			path = UseCase;
			sourceTree = "<group>";
		};
		4AF164252B736EBE005C1B7A /* Entities */ = {
			isa = PBXGroup;
			children = (
				4AF164562B737224005C1B7A /* Loan.swift */,
				4AEFDF492B737CD300A3C80F /* ChipItem.swift */,
			);
			path = Entities;
			sourceTree = "<group>";
		};
		4AF164262B736EBE005C1B7A /* Base */ = {
			isa = PBXGroup;
			children = (
				4AF164272B736EBE005C1B7A /* BaseViewController.swift */,
				4AF164282B736EBE005C1B7A /* BaseViewModel.swift */,
				4AF164292B736EBE005C1B7A /* BaseService.swift */,
			);
			path = Base;
			sourceTree = "<group>";
		};
		4AF1642A2B736EBE005C1B7A /* Modules */ = {
			isa = PBXGroup;
			children = (
				4AEFDF2F2B7379D900A3C80F /* Home */,
				4AEFDF522B73864B00A3C80F /* Detail */,
			);
			path = Modules;
			sourceTree = "<group>";
		};
		4AF1642E2B736F36005C1B7A /* Loading */ = {
			isa = PBXGroup;
			children = (
				4AF1642F2B736F49005C1B7A /* LoadingView.swift */,
				4AF164312B736F52005C1B7A /* LoadingView.xib */,
			);
			path = Loading;
			sourceTree = "<group>";
		};
		4AF164392B737068005C1B7A /* Fonts */ = {
			isa = PBXGroup;
			children = (
				4AF1643A2B737068005C1B7A /* Inter-Bold.otf */,
				4AF1643B2B737068005C1B7A /* Inter-Regular.otf */,
				4AF1643C2B737068005C1B7A /* Inter-Medium.otf */,
				4AF1643D2B737068005C1B7A /* Inter-SemiBold.otf */,
			);
			path = Fonts;
			sourceTree = "<group>";
		};
		4AF164482B737161005C1B7A /* Utils */ = {
			isa = PBXGroup;
			children = (
				4AEFDF712B73CF7B00A3C80F /* Formatting */,
				4AEFDF692B73CED400A3C80F /* Extensions */,
				4AF1644F2B7371B7005C1B7A /* Navigator */,
				4AF164492B73716D005C1B7A /* Logger.swift */,
				4AF1644B2B737193005C1B7A /* HexCodeColor.swift */,
				4AF1644D2B7371AA005C1B7A /* BuildIdentifier.swift */,
			);
			path = Utils;
			sourceTree = "<group>";
		};
		4AF1644F2B7371B7005C1B7A /* Navigator */ = {
			isa = PBXGroup;
			children = (
				4AF164502B7371D0005C1B7A /* Navigator.swift */,
				4AF164522B7371EC005C1B7A /* RouterProtocol.swift */,
				4AF164542B7371FE005C1B7A /* Route.swift */,
				4AEFDF502B73861700A3C80F /* Router.swift */,
			);
			path = Navigator;
			sourceTree = "<group>";
		};
		4AF164582B73723C005C1B7A /* Response */ = {
			isa = PBXGroup;
			children = (
				4AF164592B737247005C1B7A /* LoanData.swift */,
			);
			path = Response;
			sourceTree = "<group>";
		};
		85934288143090812FBFED5A /* Frameworks */ = {
			isa = PBXGroup;
			children = (
				0F82E18DDA4DBAADD264BC27 /* Pods_loan_management_app.framework */,
			);
			name = Frameworks;
			sourceTree = "<group>";
		};
/* End PBXGroup section */

/* Begin PBXNativeTarget section */
		4A79D4D22B736199006ECE04 /* loan-management-app */ = {
			isa = PBXNativeTarget;
			buildConfigurationList = 4A79D4E72B73619B006ECE04 /* Build configuration list for PBXNativeTarget "loan-management-app" */;
			buildPhases = (
				D1543F55D830E3E03E91716F /* [CP] Check Pods Manifest.lock */,
				4A79D4CF2B736199006ECE04 /* Sources */,
				4A79D4D02B736199006ECE04 /* Frameworks */,
				4A79D4D12B736199006ECE04 /* Resources */,
				84EE2512454F682D858F3F03 /* [CP] Embed Pods Frameworks */,
			);
			buildRules = (
			);
			dependencies = (
			);
			name = "loan-management-app";
			productName = "loan-management-app";
			productReference = 4A79D4D32B736199006ECE04 /* loan-management-app.app */;
			productType = "com.apple.product-type.application";
		};
/* End PBXNativeTarget section */

/* Begin PBXProject section */
		4A79D4CB2B736199006ECE04 /* Project object */ = {
			isa = PBXProject;
			attributes = {
				BuildIndependentTargetsInParallel = 1;
				LastSwiftUpdateCheck = 1510;
				LastUpgradeCheck = 1510;
				TargetAttributes = {
					4A79D4D22B736199006ECE04 = {
						CreatedOnToolsVersion = 15.1;
					};
				};
			};
			buildConfigurationList = 4A79D4CE2B736199006ECE04 /* Build configuration list for PBXProject "loan-management-app" */;
			compatibilityVersion = "Xcode 14.0";
			developmentRegion = en;
			hasScannedForEncodings = 0;
			knownRegions = (
				en,
				Base,
			);
			mainGroup = 4A79D4CA2B736199006ECE04;
			productRefGroup = 4A79D4D42B736199006ECE04 /* Products */;
			projectDirPath = "";
			projectRoot = "";
			targets = (
				4A79D4D22B736199006ECE04 /* loan-management-app */,
			);
		};
/* End PBXProject section */

/* Begin PBXResourcesBuildPhase section */
		4A79D4D12B736199006ECE04 /* Resources */ = {
			isa = PBXResourcesBuildPhase;
			buildActionMask = 2147483647;
			files = (
				4AF164322B736F52005C1B7A /* LoadingView.xib in Resources */,
				4AF164412B737068005C1B7A /* Inter-SemiBold.otf in Resources */,
				4AF164402B737068005C1B7A /* Inter-Medium.otf in Resources */,
				4AEFDF482B737C3400A3C80F /* ChipsCell.xib in Resources */,
				4AEFDF562B73865D00A3C80F /* DetailViewController.xib in Resources */,
				4AF1643F2B737068005C1B7A /* Inter-Regular.otf in Resources */,
				4AF1643E2B737068005C1B7A /* Inter-Bold.otf in Resources */,
				4A79D4E32B73619B006ECE04 /* LaunchScreen.storyboard in Resources */,
				4A79D4E02B73619B006ECE04 /* Assets.xcassets in Resources */,
				4AEFDF422B737C0000A3C80F /* Chips.xib in Resources */,
				4AEFDF352B737A0900A3C80F /* HomeViewController.xib in Resources */,
				4AEFDF632B73B80000A3C80F /* LoanCell.xib in Resources */,
			);
			runOnlyForDeploymentPostprocessing = 0;
		};
/* End PBXResourcesBuildPhase section */

/* Begin PBXShellScriptBuildPhase section */
		84EE2512454F682D858F3F03 /* [CP] Embed Pods Frameworks */ = {
			isa = PBXShellScriptBuildPhase;
			buildActionMask = 2147483647;
			files = (
			);
			inputFileListPaths = (
				"${PODS_ROOT}/Target Support Files/Pods-loan-management-app/Pods-loan-management-app-frameworks-${CONFIGURATION}-input-files.xcfilelist",
			);
			name = "[CP] Embed Pods Frameworks";
			outputFileListPaths = (
				"${PODS_ROOT}/Target Support Files/Pods-loan-management-app/Pods-loan-management-app-frameworks-${CONFIGURATION}-output-files.xcfilelist",
			);
			runOnlyForDeploymentPostprocessing = 0;
			shellPath = /bin/sh;
			shellScript = "\"${PODS_ROOT}/Target Support Files/Pods-loan-management-app/Pods-loan-management-app-frameworks.sh\"\n";
			showEnvVarsInLog = 0;
		};
		D1543F55D830E3E03E91716F /* [CP] Check Pods Manifest.lock */ = {
			isa = PBXShellScriptBuildPhase;
			buildActionMask = 2147483647;
			files = (
			);
			inputFileListPaths = (
			);
			inputPaths = (
				"${PODS_PODFILE_DIR_PATH}/Podfile.lock",
				"${PODS_ROOT}/Manifest.lock",
			);
			name = "[CP] Check Pods Manifest.lock";
			outputFileListPaths = (
			);
			outputPaths = (
				"$(DERIVED_FILE_DIR)/Pods-loan-management-app-checkManifestLockResult.txt",
			);
			runOnlyForDeploymentPostprocessing = 0;
			shellPath = /bin/sh;
			shellScript = "diff \"${PODS_PODFILE_DIR_PATH}/Podfile.lock\" \"${PODS_ROOT}/Manifest.lock\" > /dev/null\nif [ $? != 0 ] ; then\n    # print error to STDERR\n    echo \"error: The sandbox is not in sync with the Podfile.lock. Run 'pod install' or update your CocoaPods installation.\" >&2\n    exit 1\nfi\n# This output is used by Xcode 'outputs' to avoid re-running this script phase.\necho \"SUCCESS\" > \"${SCRIPT_OUTPUT_FILE_0}\"\n";
			showEnvVarsInLog = 0;
		};
/* End PBXShellScriptBuildPhase section */

/* Begin PBXSourcesBuildPhase section */
		4A79D4CF2B736199006ECE04 /* Sources */ = {
			isa = PBXSourcesBuildPhase;
			buildActionMask = 2147483647;
			files = (
				4AF1645A2B737247005C1B7A /* LoanData.swift in Sources */,
				4AF164382B737035005C1B7A /* APIEndpointEnum.swift in Sources */,
				4AEFDF7B2B740C8B00A3C80F /* DetailAssembly.swift in Sources */,
				4AF1642C2B736EBF005C1B7A /* BaseViewModel.swift in Sources */,
				4AF164532B7371EC005C1B7A /* RouterProtocol.swift in Sources */,
				4AEFDF772B73D00300A3C80F /* Extension+Double.swift in Sources */,
				4AF164432B737106005C1B7A /* DI.swift in Sources */,
				4A6D43AB2B750D83009D8DB9 /* CoreAssembly.swift in Sources */,
				4AF1644E2B7371AA005C1B7A /* BuildIdentifier.swift in Sources */,
				4AF1642D2B736EBF005C1B7A /* BaseService.swift in Sources */,
				4AF164362B737007005C1B7A /* FontEnum.swift in Sources */,
				4AEFDF792B73D0A700A3C80F /* DateTime.swift in Sources */,
				4AF1642B2B736EBF005C1B7A /* BaseViewController.swift in Sources */,
				4AEFDF4D2B737D9E00A3C80F /* HomeAssembly.swift in Sources */,
				4AF164302B736F49005C1B7A /* LoadingView.swift in Sources */,
				4AF164552B7371FE005C1B7A /* Route.swift in Sources */,
				4AF1644A2B73716D005C1B7A /* Logger.swift in Sources */,
				4AEFDF732B73CF8400A3C80F /* Number.swift in Sources */,
				4AEFDF5E2B73903500A3C80F /* WordingEnum.swift in Sources */,
				4AEFDF4A2B737CD300A3C80F /* ChipItem.swift in Sources */,
				4AF164452B737122005C1B7A /* LoanRepository.swift in Sources */,
				4AEFDF442B737C1400A3C80F /* Chips.swift in Sources */,
				4AF1644C2B737193005C1B7A /* HexCodeColor.swift in Sources */,
				4AEFDF622B73B80000A3C80F /* LoanCell.swift in Sources */,
				4AF164572B737224005C1B7A /* Loan.swift in Sources */,
				4AEFDF392B737AD600A3C80F /* CustomUIView.swift in Sources */,
				4AEFDF342B737A0900A3C80F /* HomeViewController.swift in Sources */,
				4AEFDF372B737A1C00A3C80F /* HomeViewModel.swift in Sources */,
				4AEFDF6B2B73CEE400A3C80F /* Extension+Int.swift in Sources */,
				4AEFDF512B73861700A3C80F /* Router.swift in Sources */,
				4AF164512B7371D0005C1B7A /* Navigator.swift in Sources */,
				4AF164342B736FD1005C1B7A /* ColorEnum.swift in Sources */,
				4AEFDF5B2B738F8500A3C80F /* AutoShimmerView.swift in Sources */,
				4AF164472B73712E005C1B7A /* LoanService.swift in Sources */,
				4AEFDF472B737C3400A3C80F /* ChipsCell.swift in Sources */,
				4A79D4D72B736199006ECE04 /* AppDelegate.swift in Sources */,
				4AEFDF552B73865D00A3C80F /* DetailViewController.swift in Sources */,
				4AEFDF3B2B737BA000A3C80F /* FitterCollectionView.swift in Sources */,
				4AEFDF6D2B73CF2600A3C80F /* IntTypeEnum.swift in Sources */,
				4AEFDF4F2B737DBA00A3C80F /* HomeInteractor.swift in Sources */,
			);
			runOnlyForDeploymentPostprocessing = 0;
		};
/* End PBXSourcesBuildPhase section */

/* Begin PBXVariantGroup section */
		4A79D4E12B73619B006ECE04 /* LaunchScreen.storyboard */ = {
			isa = PBXVariantGroup;
			children = (
				4A79D4E22B73619B006ECE04 /* Base */,
			);
			name = LaunchScreen.storyboard;
			sourceTree = "<group>";
		};
/* End PBXVariantGroup section */

/* Begin XCBuildConfiguration section */
		4A79D4E52B73619B006ECE04 /* Debug */ = {
			isa = XCBuildConfiguration;
			buildSettings = {
				ALWAYS_SEARCH_USER_PATHS = NO;
				ASSETCATALOG_COMPILER_GENERATE_SWIFT_ASSET_SYMBOL_EXTENSIONS = YES;
				CLANG_ANALYZER_NONNULL = YES;
				CLANG_ANALYZER_NUMBER_OBJECT_CONVERSION = YES_AGGRESSIVE;
				CLANG_CXX_LANGUAGE_STANDARD = "gnu++20";
				CLANG_ENABLE_MODULES = YES;
				CLANG_ENABLE_OBJC_ARC = YES;
				CLANG_ENABLE_OBJC_WEAK = YES;
				CLANG_WARN_BLOCK_CAPTURE_AUTORELEASING = YES;
				CLANG_WARN_BOOL_CONVERSION = YES;
				CLANG_WARN_COMMA = YES;
				CLANG_WARN_CONSTANT_CONVERSION = YES;
				CLANG_WARN_DEPRECATED_OBJC_IMPLEMENTATIONS = YES;
				CLANG_WARN_DIRECT_OBJC_ISA_USAGE = YES_ERROR;
				CLANG_WARN_DOCUMENTATION_COMMENTS = YES;
				CLANG_WARN_EMPTY_BODY = YES;
				CLANG_WARN_ENUM_CONVERSION = YES;
				CLANG_WARN_INFINITE_RECURSION = YES;
				CLANG_WARN_INT_CONVERSION = YES;
				CLANG_WARN_NON_LITERAL_NULL_CONVERSION = YES;
				CLANG_WARN_OBJC_IMPLICIT_RETAIN_SELF = YES;
				CLANG_WARN_OBJC_LITERAL_CONVERSION = YES;
				CLANG_WARN_OBJC_ROOT_CLASS = YES_ERROR;
				CLANG_WARN_QUOTED_INCLUDE_IN_FRAMEWORK_HEADER = YES;
				CLANG_WARN_RANGE_LOOP_ANALYSIS = YES;
				CLANG_WARN_STRICT_PROTOTYPES = YES;
				CLANG_WARN_SUSPICIOUS_MOVE = YES;
				CLANG_WARN_UNGUARDED_AVAILABILITY = YES_AGGRESSIVE;
				CLANG_WARN_UNREACHABLE_CODE = YES;
				CLANG_WARN__DUPLICATE_METHOD_MATCH = YES;
				COPY_PHASE_STRIP = NO;
				DEBUG_INFORMATION_FORMAT = dwarf;
				ENABLE_STRICT_OBJC_MSGSEND = YES;
				ENABLE_TESTABILITY = YES;
				ENABLE_USER_SCRIPT_SANDBOXING = YES;
				GCC_C_LANGUAGE_STANDARD = gnu17;
				GCC_DYNAMIC_NO_PIC = NO;
				GCC_NO_COMMON_BLOCKS = YES;
				GCC_OPTIMIZATION_LEVEL = 0;
				GCC_PREPROCESSOR_DEFINITIONS = (
					"DEBUG=1",
					"$(inherited)",
				);
				GCC_WARN_64_TO_32_BIT_CONVERSION = YES;
				GCC_WARN_ABOUT_RETURN_TYPE = YES_ERROR;
				GCC_WARN_UNDECLARED_SELECTOR = YES;
				GCC_WARN_UNINITIALIZED_AUTOS = YES_AGGRESSIVE;
				GCC_WARN_UNUSED_FUNCTION = YES;
				GCC_WARN_UNUSED_VARIABLE = YES;
				IPHONEOS_DEPLOYMENT_TARGET = 17.2;
				LOCALIZATION_PREFERS_STRING_CATALOGS = YES;
				MTL_ENABLE_DEBUG_INFO = INCLUDE_SOURCE;
				MTL_FAST_MATH = YES;
				ONLY_ACTIVE_ARCH = YES;
				SDKROOT = iphoneos;
				SWIFT_ACTIVE_COMPILATION_CONDITIONS = "DEBUG $(inherited)";
				SWIFT_OPTIMIZATION_LEVEL = "-Onone";
			};
			name = Debug;
		};
		4A79D4E62B73619B006ECE04 /* Release */ = {
			isa = XCBuildConfiguration;
			buildSettings = {
				ALWAYS_SEARCH_USER_PATHS = NO;
				ASSETCATALOG_COMPILER_GENERATE_SWIFT_ASSET_SYMBOL_EXTENSIONS = YES;
				CLANG_ANALYZER_NONNULL = YES;
				CLANG_ANALYZER_NUMBER_OBJECT_CONVERSION = YES_AGGRESSIVE;
				CLANG_CXX_LANGUAGE_STANDARD = "gnu++20";
				CLANG_ENABLE_MODULES = YES;
				CLANG_ENABLE_OBJC_ARC = YES;
				CLANG_ENABLE_OBJC_WEAK = YES;
				CLANG_WARN_BLOCK_CAPTURE_AUTORELEASING = YES;
				CLANG_WARN_BOOL_CONVERSION = YES;
				CLANG_WARN_COMMA = YES;
				CLANG_WARN_CONSTANT_CONVERSION = YES;
				CLANG_WARN_DEPRECATED_OBJC_IMPLEMENTATIONS = YES;
				CLANG_WARN_DIRECT_OBJC_ISA_USAGE = YES_ERROR;
				CLANG_WARN_DOCUMENTATION_COMMENTS = YES;
				CLANG_WARN_EMPTY_BODY = YES;
				CLANG_WARN_ENUM_CONVERSION = YES;
				CLANG_WARN_INFINITE_RECURSION = YES;
				CLANG_WARN_INT_CONVERSION = YES;
				CLANG_WARN_NON_LITERAL_NULL_CONVERSION = YES;
				CLANG_WARN_OBJC_IMPLICIT_RETAIN_SELF = YES;
				CLANG_WARN_OBJC_LITERAL_CONVERSION = YES;
				CLANG_WARN_OBJC_ROOT_CLASS = YES_ERROR;
				CLANG_WARN_QUOTED_INCLUDE_IN_FRAMEWORK_HEADER = YES;
				CLANG_WARN_RANGE_LOOP_ANALYSIS = YES;
				CLANG_WARN_STRICT_PROTOTYPES = YES;
				CLANG_WARN_SUSPICIOUS_MOVE = YES;
				CLANG_WARN_UNGUARDED_AVAILABILITY = YES_AGGRESSIVE;
				CLANG_WARN_UNREACHABLE_CODE = YES;
				CLANG_WARN__DUPLICATE_METHOD_MATCH = YES;
				COPY_PHASE_STRIP = NO;
				DEBUG_INFORMATION_FORMAT = "dwarf-with-dsym";
				ENABLE_NS_ASSERTIONS = NO;
				ENABLE_STRICT_OBJC_MSGSEND = YES;
				ENABLE_USER_SCRIPT_SANDBOXING = YES;
				GCC_C_LANGUAGE_STANDARD = gnu17;
				GCC_NO_COMMON_BLOCKS = YES;
				GCC_WARN_64_TO_32_BIT_CONVERSION = YES;
				GCC_WARN_ABOUT_RETURN_TYPE = YES_ERROR;
				GCC_WARN_UNDECLARED_SELECTOR = YES;
				GCC_WARN_UNINITIALIZED_AUTOS = YES_AGGRESSIVE;
				GCC_WARN_UNUSED_FUNCTION = YES;
				GCC_WARN_UNUSED_VARIABLE = YES;
				IPHONEOS_DEPLOYMENT_TARGET = 17.2;
				LOCALIZATION_PREFERS_STRING_CATALOGS = YES;
				MTL_ENABLE_DEBUG_INFO = NO;
				MTL_FAST_MATH = YES;
				SDKROOT = iphoneos;
				SWIFT_COMPILATION_MODE = wholemodule;
				VALIDATE_PRODUCT = YES;
			};
			name = Release;
		};
		4A79D4E82B73619B006ECE04 /* Debug */ = {
			isa = XCBuildConfiguration;
			baseConfigurationReference = FDAD649B9569F2D9BA93A129 /* Pods-loan-management-app.debug.xcconfig */;
			buildSettings = {
				ASSETCATALOG_COMPILER_APPICON_NAME = AppIcon;
				ASSETCATALOG_COMPILER_GLOBAL_ACCENT_COLOR_NAME = AccentColor;
				CODE_SIGN_STYLE = Automatic;
				CURRENT_PROJECT_VERSION = 1;
				ENABLE_USER_SCRIPT_SANDBOXING = NO;
				GENERATE_INFOPLIST_FILE = YES;
				INFOPLIST_FILE = "loan-management-app/Info.plist";
				INFOPLIST_KEY_UIApplicationSupportsIndirectInputEvents = YES;
				INFOPLIST_KEY_UILaunchStoryboardName = LaunchScreen;
				INFOPLIST_KEY_UIMainStoryboardFile = "";
				INFOPLIST_KEY_UISupportedInterfaceOrientations_iPad = "UIInterfaceOrientationPortrait UIInterfaceOrientationPortraitUpsideDown UIInterfaceOrientationLandscapeLeft UIInterfaceOrientationLandscapeRight";
				INFOPLIST_KEY_UISupportedInterfaceOrientations_iPhone = "UIInterfaceOrientationPortrait UIInterfaceOrientationLandscapeLeft UIInterfaceOrientationLandscapeRight";
				IPHONEOS_DEPLOYMENT_TARGET = 13.0;
				LD_RUNPATH_SEARCH_PATHS = (
					"$(inherited)",
					"@executable_path/Frameworks",
				);
				MARKETING_VERSION = 1.0;
				PRODUCT_BUNDLE_IDENTIFIER = "com.xyz.loan-management-app";
				PRODUCT_NAME = "$(TARGET_NAME)";
				SWIFT_EMIT_LOC_STRINGS = YES;
				SWIFT_VERSION = 5.0;
				TARGETED_DEVICE_FAMILY = "1,2";
			};
			name = Debug;
		};
		4A79D4E92B73619B006ECE04 /* Release */ = {
			isa = XCBuildConfiguration;
			baseConfigurationReference = 1FD329568B63D5877CF5CC16 /* Pods-loan-management-app.release.xcconfig */;
			buildSettings = {
				ASSETCATALOG_COMPILER_APPICON_NAME = AppIcon;
				ASSETCATALOG_COMPILER_GLOBAL_ACCENT_COLOR_NAME = AccentColor;
				CODE_SIGN_STYLE = Automatic;
				CURRENT_PROJECT_VERSION = 1;
				ENABLE_USER_SCRIPT_SANDBOXING = NO;
				GENERATE_INFOPLIST_FILE = YES;
				INFOPLIST_FILE = "loan-management-app/Info.plist";
				INFOPLIST_KEY_UIApplicationSupportsIndirectInputEvents = YES;
				INFOPLIST_KEY_UILaunchStoryboardName = LaunchScreen;
				INFOPLIST_KEY_UIMainStoryboardFile = "";
				INFOPLIST_KEY_UISupportedInterfaceOrientations_iPad = "UIInterfaceOrientationPortrait UIInterfaceOrientationPortraitUpsideDown UIInterfaceOrientationLandscapeLeft UIInterfaceOrientationLandscapeRight";
				INFOPLIST_KEY_UISupportedInterfaceOrientations_iPhone = "UIInterfaceOrientationPortrait UIInterfaceOrientationLandscapeLeft UIInterfaceOrientationLandscapeRight";
				IPHONEOS_DEPLOYMENT_TARGET = 13.0;
				LD_RUNPATH_SEARCH_PATHS = (
					"$(inherited)",
					"@executable_path/Frameworks",
				);
				MARKETING_VERSION = 1.0;
				PRODUCT_BUNDLE_IDENTIFIER = "com.xyz.loan-management-app";
				PRODUCT_NAME = "$(TARGET_NAME)";
				SWIFT_EMIT_LOC_STRINGS = YES;
				SWIFT_VERSION = 5.0;
				TARGETED_DEVICE_FAMILY = "1,2";
			};
			name = Release;
		};
/* End XCBuildConfiguration section */

/* Begin XCConfigurationList section */
		4A79D4CE2B736199006ECE04 /* Build configuration list for PBXProject "loan-management-app" */ = {
			isa = XCConfigurationList;
			buildConfigurations = (
				4A79D4E52B73619B006ECE04 /* Debug */,
				4A79D4E62B73619B006ECE04 /* Release */,
			);
			defaultConfigurationIsVisible = 0;
			defaultConfigurationName = Release;
		};
		4A79D4E72B73619B006ECE04 /* Build configuration list for PBXNativeTarget "loan-management-app" */ = {
			isa = XCConfigurationList;
			buildConfigurations = (
				4A79D4E82B73619B006ECE04 /* Debug */,
				4A79D4E92B73619B006ECE04 /* Release */,
			);
			defaultConfigurationIsVisible = 0;
			defaultConfigurationName = Release;
		};
/* End XCConfigurationList section */
	};
	rootObject = 4A79D4CB2B736199006ECE04 /* Project object */;
}
